// !$*UTF8*$!
{
	archiveVersion = 1;
	classes = {
	};
	objectVersion = 77;
	objects = {

/* Begin PBXContainerItemProxy section */
		1FBEB3882DF5FE9B00FA7B48 /* PBXContainerItemProxy */ = {
			isa = PBXContainerItemProxy;
			containerPortal = 1FBEB3712DF5FE9800FA7B48 /* Project object */;
			proxyType = 1;
			remoteGlobalIDString = 1FBEB3782DF5FE9800FA7B48;
			remoteInfo = hookX;
		};
		1FBEB3922DF5FE9B00FA7B48 /* PBXContainerItemProxy */ = {
			isa = PBXContainerItemProxy;
			containerPortal = 1FBEB3712DF5FE9800FA7B48 /* Project object */;
			proxyType = 1;
			remoteGlobalIDString = 1FBEB3782DF5FE9800FA7B48;
			remoteInfo = hookX;
		};
/* End PBXContainerItemProxy section */

/* Begin PBXFileReference section */
		1FBEB3792DF5FE9800FA7B48 /* hookX.app */ = {isa = PBXFileReference; explicitFileType = wrapper.application; includeInIndex = 0; path = hookX.app; sourceTree = BUILT_PRODUCTS_DIR; };
		1FBEB3872DF5FE9B00FA7B48 /* hookXTests.xctest */ = {isa = PBXFileReference; explicitFileType = wrapper.cfbundle; includeInIndex = 0; path = hookXTests.xctest; sourceTree = BUILT_PRODUCTS_DIR; };
		1FBEB3912DF5FE9B00FA7B48 /* hookXUITests.xctest */ = {isa = PBXFileReference; explicitFileType = wrapper.cfbundle; includeInIndex = 0; path = hookXUITests.xctest; sourceTree = BUILT_PRODUCTS_DIR; };
/* End PBXFileReference section */

/* Begin PBXFileSystemSynchronizedRootGroup section */
		1FBEB37B2DF5FE9800FA7B48 /* hookX */ = {
			isa = PBXFileSystemSynchronizedRootGroup;
			path = hookX;
			sourceTree = "<group>";
		};
		1FBEB38A2DF5FE9B00FA7B48 /* hookXTests */ = {
			isa = PBXFileSystemSynchronizedRootGroup;
			path = hookXTests;
			sourceTree = "<group>";
		};
		1FBEB3942DF5FE9B00FA7B48 /* hookXUITests */ = {
			isa = PBXFileSystemSynchronizedRootGroup;
			path = hookXUITests;
			sourceTree = "<group>";
		};
/* End PBXFileSystemSynchronizedRootGroup section */

/* Begin PBXFrameworksBuildPhase section */
		1FBEB3762DF5FE9800FA7B48 /* Frameworks */ = {
			isa = PBXFrameworksBuildPhase;
			buildActionMask = 2147483647;
			files = (
			);
			runOnlyForDeploymentPostprocessing = 0;
		};
		1FBEB3842DF5FE9B00FA7B48 /* Frameworks */ = {
			isa = PBXFrameworksBuildPhase;
			buildActionMask = 2147483647;
			files = (
			);
			runOnlyForDeploymentPostprocessing = 0;
		};
		1FBEB38E2DF5FE9B00FA7B48 /* Frameworks */ = {
			isa = PBXFrameworksBuildPhase;
			buildActionMask = 2147483647;
			files = (
			);
			runOnlyForDeploymentPostprocessing = 0;
		};
/* End PBXFrameworksBuildPhase section */

/* Begin PBXGroup section */
		1FBEB3702DF5FE9800FA7B48 = {
			isa = PBXGroup;
			children = (
				1FBEB37B2DF5FE9800FA7B48 /* hookX */,
				1FBEB38A2DF5FE9B00FA7B48 /* hookXTests */,
				1FBEB3942DF5FE9B00FA7B48 /* hookXUITests */,
				1FBEB37A2DF5FE9800FA7B48 /* Products */,
			);
			sourceTree = "<group>";
		};
		1FBEB37A2DF5FE9800FA7B48 /* Products */ = {
			isa = PBXGroup;
			children = (
				1FBEB3792DF5FE9800FA7B48 /* hookX.app */,
				1FBEB3872DF5FE9B00FA7B48 /* hookXTests.xctest */,
				1FBEB3912DF5FE9B00FA7B48 /* hookXUITests.xctest */,
			);
			name = Products;
			sourceTree = "<group>";
		};
/* End PBXGroup section */

/* Begin PBXNativeTarget section */
		1FBEB3782DF5FE9800FA7B48 /* hookX */ = {
			isa = PBXNativeTarget;
			buildConfigurationList = 1FBEB39B2DF5FE9B00FA7B48 /* Build configuration list for PBXNativeTarget "hookX" */;
			buildPhases = (
				1FBEB3752DF5FE9800FA7B48 /* Sources */,
				1FBEB3762DF5FE9800FA7B48 /* Frameworks */,
				1FBEB3772DF5FE9800FA7B48 /* Resources */,
			);
			buildRules = (
			);
			dependencies = (
			);
			fileSystemSynchronizedGroups = (
				1FBEB37B2DF5FE9800FA7B48 /* hookX */,
			);
			name = hookX;
			packageProductDependencies = (
			);
			productName = hookX;
			productReference = 1FBEB3792DF5FE9800FA7B48 /* hookX.app */;
			productType = "com.apple.product-type.application";
		};
		1FBEB3862DF5FE9B00FA7B48 /* hookXTests */ = {
			isa = PBXNativeTarget;
			buildConfigurationList = 1FBEB39E2DF5FE9B00FA7B48 /* Build configuration list for PBXNativeTarget "hookXTests" */;
			buildPhases = (
				1FBEB3832DF5FE9B00FA7B48 /* Sources */,
				1FBEB3842DF5FE9B00FA7B48 /* Frameworks */,
				1FBEB3852DF5FE9B00FA7B48 /* Resources */,
			);
			buildRules = (
			);
			dependencies = (
				1FBEB3892DF5FE9B00FA7B48 /* PBXTargetDependency */,
			);
			fileSystemSynchronizedGroups = (
				1FBEB38A2DF5FE9B00FA7B48 /* hookXTests */,
			);
			name = hookXTests;
			packageProductDependencies = (
			);
			productName = hookXTests;
			productReference = 1FBEB3872DF5FE9B00FA7B48 /* hookXTests.xctest */;
			productType = "com.apple.product-type.bundle.unit-test";
		};
		1FBEB3902DF5FE9B00FA7B48 /* hookXUITests */ = {
			isa = PBXNativeTarget;
			buildConfigurationList = 1FBEB3A12DF5FE9B00FA7B48 /* Build configuration list for PBXNativeTarget "hookXUITests" */;
			buildPhases = (
				1FBEB38D2DF5FE9B00FA7B48 /* Sources */,
				1FBEB38E2DF5FE9B00FA7B48 /* Frameworks */,
				1FBEB38F2DF5FE9B00FA7B48 /* Resources */,
			);
			buildRules = (
			);
			dependencies = (
				1FBEB3932DF5FE9B00FA7B48 /* PBXTargetDependency */,
			);
			fileSystemSynchronizedGroups = (
				1FBEB3942DF5FE9B00FA7B48 /* hookXUITests */,
			);
			name = hookXUITests;
			packageProductDependencies = (
			);
			productName = hookXUITests;
			productReference = 1FBEB3912DF5FE9B00FA7B48 /* hookXUITests.xctest */;
			productType = "com.apple.product-type.bundle.ui-testing";
		};
/* End PBXNativeTarget section */

/* Begin PBXProject section */
		1FBEB3712DF5FE9800FA7B48 /* Project object */ = {
			isa = PBXProject;
			attributes = {
				BuildIndependentTargetsInParallel = 1;
				LastSwiftUpdateCheck = 1640;
				LastUpgradeCheck = 1640;
				TargetAttributes = {
					1FBEB3782DF5FE9800FA7B48 = {
						CreatedOnToolsVersion = 16.4;
					};
					1FBEB3862DF5FE9B00FA7B48 = {
						CreatedOnToolsVersion = 16.4;
						TestTargetID = 1FBEB3782DF5FE9800FA7B48;
					};
					1FBEB3902DF5FE9B00FA7B48 = {
						CreatedOnToolsVersion = 16.4;
						TestTargetID = 1FBEB3782DF5FE9800FA7B48;
					};
				};
			};
			buildConfigurationList = 1FBEB3742DF5FE9800FA7B48 /* Build configuration list for PBXProject "hookX" */;
			developmentRegion = en;
			hasScannedForEncodings = 0;
			knownRegions = (
				en,
				Base,
			);
			mainGroup = 1FBEB3702DF5FE9800FA7B48;
			minimizedProjectReferenceProxies = 1;
			preferredProjectObjectVersion = 77;
			productRefGroup = 1FBEB37A2DF5FE9800FA7B48 /* Products */;
			projectDirPath = "";
			projectRoot = "";
			targets = (
				1FBEB3782DF5FE9800FA7B48 /* hookX */,
				1FBEB3862DF5FE9B00FA7B48 /* hookXTests */,
				1FBEB3902DF5FE9B00FA7B48 /* hookXUITests */,
			);
		};
/* End PBXProject section */

/* Begin PBXResourcesBuildPhase section */
		1FBEB3772DF5FE9800FA7B48 /* Resources */ = {
			isa = PBXResourcesBuildPhase;
			buildActionMask = 2147483647;
			files = (
			);
			runOnlyForDeploymentPostprocessing = 0;
		};
		1FBEB3852DF5FE9B00FA7B48 /* Resources */ = {
			isa = PBXResourcesBuildPhase;
			buildActionMask = 2147483647;
			files = (
			);
			runOnlyForDeploymentPostprocessing = 0;
		};
		1FBEB38F2DF5FE9B00FA7B48 /* Resources */ = {
			isa = PBXResourcesBuildPhase;
			buildActionMask = 2147483647;
			files = (
			);
			runOnlyForDeploymentPostprocessing = 0;
		};
/* End PBXResourcesBuildPhase section */

/* Begin PBXSourcesBuildPhase section */
		1FBEB3752DF5FE9800FA7B48 /* Sources */ = {
			isa = PBXSourcesBuildPhase;
			buildActionMask = 2147483647;
			files = (
			);
			runOnlyForDeploymentPostprocessing = 0;
		};
		1FBEB3832DF5FE9B00FA7B48 /* Sources */ = {
			isa = PBXSourcesBuildPhase;
			buildActionMask = 2147483647;
			files = (
			);
			runOnlyForDeploymentPostprocessing = 0;
		};
		1FBEB38D2DF5FE9B00FA7B48 /* Sources */ = {
			isa = PBXSourcesBuildPhase;
			buildActionMask = 2147483647;
			files = (
			);
			runOnlyForDeploymentPostprocessing = 0;
		};
/* End PBXSourcesBuildPhase section */

/* Begin PBXTargetDependency section */
		1FBEB3892DF5FE9B00FA7B48 /* PBXTargetDependency */ = {
			isa = PBXTargetDependency;
			target = 1FBEB3782DF5FE9800FA7B48 /* hookX */;
			targetProxy = 1FBEB3882DF5FE9B00FA7B48 /* PBXContainerItemProxy */;
		};
		1FBEB3932DF5FE9B00FA7B48 /* PBXTargetDependency */ = {
			isa = PBXTargetDependency;
			target = 1FBEB3782DF5FE9800FA7B48 /* hookX */;
			targetProxy = 1FBEB3922DF5FE9B00FA7B48 /* PBXContainerItemProxy */;
		};
/* End PBXTargetDependency section */

/* Begin XCBuildConfiguration section */
		1FBEB3992DF5FE9B00FA7B48 /* Debug */ = {
			isa = XCBuildConfiguration;
			buildSettings = {
				ALWAYS_SEARCH_USER_PATHS = NO;
				ASSETCATALOG_COMPILER_GENERATE_SWIFT_ASSET_SYMBOL_EXTENSIONS = YES;
				CLANG_ANALYZER_NONNULL = YES;
				CLANG_ANALYZER_NUMBER_OBJECT_CONVERSION = YES_AGGRESSIVE;
				CLANG_CXX_LANGUAGE_STANDARD = "gnu++20";
				CLANG_ENABLE_MODULES = YES;
				CLANG_ENABLE_OBJC_ARC = YES;
				CLANG_ENABLE_OBJC_WEAK = YES;
				CLANG_WARN_BLOCK_CAPTURE_AUTORELEASING = YES;
				CLANG_WARN_BOOL_CONVERSION = YES;
				CLANG_WARN_COMMA = YES;
				CLANG_WARN_CONSTANT_CONVERSION = YES;
				CLANG_WARN_DEPRECATED_OBJC_IMPLEMENTATIONS = YES;
				CLANG_WARN_DIRECT_OBJC_ISA_USAGE = YES_ERROR;
				CLANG_WARN_DOCUMENTATION_COMMENTS = YES;
				CLANG_WARN_EMPTY_BODY = YES;
				CLANG_WARN_ENUM_CONVERSION = YES;
				CLANG_WARN_INFINITE_RECURSION = YES;
				CLANG_WARN_INT_CONVERSION = YES;
				CLANG_WARN_NON_LITERAL_NULL_CONVERSION = YES;
				CLANG_WARN_OBJC_IMPLICIT_RETAIN_SELF = YES;
				CLANG_WARN_OBJC_LITERAL_CONVERSION = YES;
				CLANG_WARN_OBJC_ROOT_CLASS = YES_ERROR;
				CLANG_WARN_QUOTED_INCLUDE_IN_FRAMEWORK_HEADER = YES;
				CLANG_WARN_RANGE_LOOP_ANALYSIS = YES;
				CLANG_WARN_STRICT_PROTOTYPES = YES;
				CLANG_WARN_SUSPICIOUS_MOVE = YES;
				CLANG_WARN_UNGUARDED_AVAILABILITY = YES_AGGRESSIVE;
				CLANG_WARN_UNREACHABLE_CODE = YES;
				CLANG_WARN__DUPLICATE_METHOD_MATCH = YES;
				COPY_PHASE_STRIP = NO;
				DEBUG_INFORMATION_FORMAT = dwarf;
				DEVELOPMENT_TEAM = LJG2AQD4SH;
				ENABLE_STRICT_OBJC_MSGSEND = YES;
				ENABLE_TESTABILITY = YES;
				ENABLE_USER_SCRIPT_SANDBOXING = YES;
				GCC_C_LANGUAGE_STANDARD = gnu17;
				GCC_DYNAMIC_NO_PIC = NO;
				GCC_NO_COMMON_BLOCKS = YES;
				GCC_OPTIMIZATION_LEVEL = 0;
				GCC_PREPROCESSOR_DEFINITIONS = (
					"DEBUG=1",
					"$(inherited)",
				);
				GCC_WARN_64_TO_32_BIT_CONVERSION = YES;
				GCC_WARN_ABOUT_RETURN_TYPE = YES_ERROR;
				GCC_WARN_UNDECLARED_SELECTOR = YES;
				GCC_WARN_UNINITIALIZED_AUTOS = YES_AGGRESSIVE;
				GCC_WARN_UNUSED_FUNCTION = YES;
				GCC_WARN_UNUSED_VARIABLE = YES;
				LOCALIZATION_PREFERS_STRING_CATALOGS = YES;
				MACOSX_DEPLOYMENT_TARGET = 15.5;
				MTL_ENABLE_DEBUG_INFO = INCLUDE_SOURCE;
				MTL_FAST_MATH = YES;
				ONLY_ACTIVE_ARCH = YES;
				SDKROOT = macosx;
				SWIFT_ACTIVE_COMPILATION_CONDITIONS = "DEBUG $(inherited)";
				SWIFT_OPTIMIZATION_LEVEL = "-Onone";
			};
			name = Debug;
		};
		1FBEB39A2DF5FE9B00FA7B48 /* Release */ = {
			isa = XCBuildConfiguration;
			buildSettings = {
				ALWAYS_SEARCH_USER_PATHS = NO;
				ASSETCATALOG_COMPILER_GENERATE_SWIFT_ASSET_SYMBOL_EXTENSIONS = YES;
				CLANG_ANALYZER_NONNULL = YES;
				CLANG_ANALYZER_NUMBER_OBJECT_CONVERSION = YES_AGGRESSIVE;
				CLANG_CXX_LANGUAGE_STANDARD = "gnu++20";
				CLANG_ENABLE_MODULES = YES;
				CLANG_ENABLE_OBJC_ARC = YES;
				CLANG_ENABLE_OBJC_WEAK = YES;
				CLANG_WARN_BLOCK_CAPTURE_AUTORELEASING = YES;
				CLANG_WARN_BOOL_CONVERSION = YES;
				CLANG_WARN_COMMA = YES;
				CLANG_WARN_CONSTANT_CONVERSION = YES;
				CLANG_WARN_DEPRECATED_OBJC_IMPLEMENTATIONS = YES;
				CLANG_WARN_DIRECT_OBJC_ISA_USAGE = YES_ERROR;
				CLANG_WARN_DOCUMENTATION_COMMENTS = YES;
				CLANG_WARN_EMPTY_BODY = YES;
				CLANG_WARN_ENUM_CONVERSION = YES;
				CLANG_WARN_INFINITE_RECURSION = YES;
				CLANG_WARN_INT_CONVERSION = YES;
				CLANG_WARN_NON_LITERAL_NULL_CONVERSION = YES;
				CLANG_WARN_OBJC_IMPLICIT_RETAIN_SELF = YES;
				CLANG_WARN_OBJC_LITERAL_CONVERSION = YES;
				CLANG_WARN_OBJC_ROOT_CLASS = YES_ERROR;
				CLANG_WARN_QUOTED_INCLUDE_IN_FRAMEWORK_HEADER = YES;
				CLANG_WARN_RANGE_LOOP_ANALYSIS = YES;
				CLANG_WARN_STRICT_PROTOTYPES = YES;
				CLANG_WARN_SUSPICIOUS_MOVE = YES;
				CLANG_WARN_UNGUARDED_AVAILABILITY = YES_AGGRESSIVE;
				CLANG_WARN_UNREACHABLE_CODE = YES;
				CLANG_WARN__DUPLICATE_METHOD_MATCH = YES;
				COPY_PHASE_STRIP = NO;
				DEBUG_INFORMATION_FORMAT = "dwarf-with-dsym";
				DEVELOPMENT_TEAM = LJG2AQD4SH;
				ENABLE_NS_ASSERTIONS = NO;
				ENABLE_STRICT_OBJC_MSGSEND = YES;
				ENABLE_USER_SCRIPT_SANDBOXING = YES;
				GCC_C_LANGUAGE_STANDARD = gnu17;
				GCC_NO_COMMON_BLOCKS = YES;
				GCC_WARN_64_TO_32_BIT_CONVERSION = YES;
				GCC_WARN_ABOUT_RETURN_TYPE = YES_ERROR;
				GCC_WARN_UNDECLARED_SELECTOR = YES;
				GCC_WARN_UNINITIALIZED_AUTOS = YES_AGGRESSIVE;
				GCC_WARN_UNUSED_FUNCTION = YES;
				GCC_WARN_UNUSED_VARIABLE = YES;
				LOCALIZATION_PREFERS_STRING_CATALOGS = YES;
				MACOSX_DEPLOYMENT_TARGET = 15.5;
				MTL_ENABLE_DEBUG_INFO = NO;
				MTL_FAST_MATH = YES;
				SDKROOT = macosx;
				SWIFT_COMPILATION_MODE = wholemodule;
			};
			name = Release;
		};
		1FBEB39C2DF5FE9B00FA7B48 /* Debug */ = {
			isa = XCBuildConfiguration;
			buildSettings = {
				ASSETCATALOG_COMPILER_APPICON_NAME = AppIcon;
				ASSETCATALOG_COMPILER_GLOBAL_ACCENT_COLOR_NAME = AccentColor;
				CODE_SIGN_ENTITLEMENTS = hookX/hookX.entitlements;
				CODE_SIGN_STYLE = Automatic;
				COMBINE_HIDPI_IMAGES = YES;
				CURRENT_PROJECT_VERSION = 1;
				DEVELOPMENT_TEAM = LJG2AQD4SH;
				ENABLE_HARDENED_RUNTIME = YES;
				ENABLE_PREVIEWS = YES;
				GENERATE_INFOPLIST_FILE = YES;
				INFOPLIST_KEY_NSHumanReadableCopyright = "";
				LD_RUNPATH_SEARCH_PATHS = (
					"$(inherited)",
					"@executable_path/../Frameworks",
				);
				MARKETING_VERSION = 1.0;
				PRODUCT_BUNDLE_IDENTIFIER = nav.hookX;
				PRODUCT_NAME = "$(TARGET_NAME)";
				REGISTER_APP_GROUPS = YES;
				SWIFT_EMIT_LOC_STRINGS = YES;
				SWIFT_VERSION = 5.0;
			};
			name = Debug;
		};
		1FBEB39D2DF5FE9B00FA7B48 /* Release */ = {
			isa = XCBuildConfiguration;
			buildSettings = {
				ASSETCATALOG_COMPILER_APPICON_NAME = AppIcon;
				ASSETCATALOG_COMPILER_GLOBAL_ACCENT_COLOR_NAME = AccentColor;
				CODE_SIGN_ENTITLEMENTS = hookX/hookX.entitlements;
				CODE_SIGN_STYLE = Automatic;
				COMBINE_HIDPI_IMAGES = YES;
				CURRENT_PROJECT_VERSION = 1;
				DEVELOPMENT_TEAM = LJG2AQD4SH;
				ENABLE_HARDENED_RUNTIME = YES;
				ENABLE_PREVIEWS = YES;
				GENERATE_INFOPLIST_FILE = YES;
				INFOPLIST_KEY_NSHumanReadableCopyright = "";
				LD_RUNPATH_SEARCH_PATHS = (
					"$(inherited)",
					"@executable_path/../Frameworks",
				);
				MARKETING_VERSION = 1.0;
				PRODUCT_BUNDLE_IDENTIFIER = nav.hookX;
				PRODUCT_NAME = "$(TARGET_NAME)";
				REGISTER_APP_GROUPS = YES;
				SWIFT_EMIT_LOC_STRINGS = YES;
				SWIFT_VERSION = 5.0;
			};
			name = Release;
		};
		1FBEB39F2DF5FE9B00FA7B48 /* Debug */ = {
			isa = XCBuildConfiguration;
			buildSettings = {
				BUNDLE_LOADER = "$(TEST_HOST)";
				CODE_SIGN_STYLE = Automatic;
				CURRENT_PROJECT_VERSION = 1;
				DEVELOPMENT_TEAM = LJG2AQD4SH;
				GENERATE_INFOPLIST_FILE = YES;
				MACOSX_DEPLOYMENT_TARGET = 15.5;
				MARKETING_VERSION = 1.0;
				PRODUCT_BUNDLE_IDENTIFIER = nav.hookXTests;
				PRODUCT_NAME = "$(TARGET_NAME)";
				SWIFT_EMIT_LOC_STRINGS = NO;
				SWIFT_VERSION = 5.0;
				TEST_HOST = "$(BUILT_PRODUCTS_DIR)/hookX.app/$(BUNDLE_EXECUTABLE_FOLDER_PATH)/hookX";
			};
			name = Debug;
		};
		1FBEB3A02DF5FE9B00FA7B48 /* Release */ = {
			isa = XCBuildConfiguration;
			buildSettings = {
				BUNDLE_LOADER = "$(TEST_HOST)";
				CODE_SIGN_STYLE = Automatic;
				CURRENT_PROJECT_VERSION = 1;
				DEVELOPMENT_TEAM = LJG2AQD4SH;
				GENERATE_INFOPLIST_FILE = YES;
				MACOSX_DEPLOYMENT_TARGET = 15.5;
				MARKETING_VERSION = 1.0;
				PRODUCT_BUNDLE_IDENTIFIER = nav.hookXTests;
				PRODUCT_NAME = "$(TARGET_NAME)";
				SWIFT_EMIT_LOC_STRINGS = NO;
				SWIFT_VERSION = 5.0;
				TEST_HOST = "$(BUILT_PRODUCTS_DIR)/hookX.app/$(BUNDLE_EXECUTABLE_FOLDER_PATH)/hookX";
			};
			name = Release;
		};
		1FBEB3A22DF5FE9B00FA7B48 /* Debug */ = {
			isa = XCBuildConfiguration;
			buildSettings = {
				CODE_SIGN_STYLE = Automatic;
				CURRENT_PROJECT_VERSION = 1;
				DEVELOPMENT_TEAM = LJG2AQD4SH;
				GENERATE_INFOPLIST_FILE = YES;
				MARKETING_VERSION = 1.0;
				PRODUCT_BUNDLE_IDENTIFIER = nav.hookXUITests;
				PRODUCT_NAME = "$(TARGET_NAME)";
				SWIFT_EMIT_LOC_STRINGS = NO;
				SWIFT_VERSION = 5.0;
				TEST_TARGET_NAME = hookX;
			};
			name = Debug;
		};
		1FBEB3A32DF5FE9B00FA7B48 /* Release */ = {
			isa = XCBuildConfiguration;
			buildSettings = {
				CODE_SIGN_STYLE = Automatic;
				CURRENT_PROJECT_VERSION = 1;
				DEVELOPMENT_TEAM = LJG2AQD4SH;
				GENERATE_INFOPLIST_FILE = YES;
				MARKETING_VERSION = 1.0;
				PRODUCT_BUNDLE_IDENTIFIER = nav.hookXUITests;
				PRODUCT_NAME = "$(TARGET_NAME)";
				SWIFT_EMIT_LOC_STRINGS = NO;
				SWIFT_VERSION = 5.0;
				TEST_TARGET_NAME = hookX;
			};
			name = Release;
		};
/* End XCBuildConfiguration section */

/* Begin XCConfigurationList section */
		1FBEB3742DF5FE9800FA7B48 /* Build configuration list for PBXProject "hookX" */ = {
			isa = XCConfigurationList;
			buildConfigurations = (
				1FBEB3992DF5FE9B00FA7B48 /* Debug */,
				1FBEB39A2DF5FE9B00FA7B48 /* Release */,
			);
			defaultConfigurationIsVisible = 0;
			defaultConfigurationName = Release;
		};
		1FBEB39B2DF5FE9B00FA7B48 /* Build configuration list for PBXNativeTarget "hookX" */ = {
			isa = XCConfigurationList;
			buildConfigurations = (
				1FBEB39C2DF5FE9B00FA7B48 /* Debug */,
				1FBEB39D2DF5FE9B00FA7B48 /* Release */,
			);
			defaultConfigurationIsVisible = 0;
			defaultConfigurationName = Release;
		};
		1FBEB39E2DF5FE9B00FA7B48 /* Build configuration list for PBXNativeTarget "hookXTests" */ = {
			isa = XCConfigurationList;
			buildConfigurations = (
				1FBEB39F2DF5FE9B00FA7B48 /* Debug */,
				1FBEB3A02DF5FE9B00FA7B48 /* Release */,
			);
			defaultConfigurationIsVisible = 0;
			defaultConfigurationName = Release;
		};
		1FBEB3A12DF5FE9B00FA7B48 /* Build configuration list for PBXNativeTarget "hookXUITests" */ = {
			isa = XCConfigurationList;
			buildConfigurations = (
				1FBEB3A22DF5FE9B00FA7B48 /* Debug */,
				1FBEB3A32DF5FE9B00FA7B48 /* Release */,
			);
			defaultConfigurationIsVisible = 0;
			defaultConfigurationName = Release;
		};
/* End XCConfigurationList section */
	};
	rootObject = 1FBEB3712DF5FE9800FA7B48 /* Project object */;
}
